
Microsoft Visual Studio Solution File, Format Version 12.00
# Visual Studio 2013
VisualStudioVersion = 12.0.21005.1
MinimumVisualStudioVersion = 10.0.40219.1
Project("{FAE04EC0-301F-11D3-BF4B-00C04F79EFBC}") = "PracticeSets_02", "PracticeSets_02\PracticeSets_02.csproj", "{33CA9A70-7FAA-4E4F-A665-27B8EDC08099}"
EndProject
Global
	GlobalSection(SolutionConfigurationPlatforms) = preSolution
		Debug|Any CPU = Debug|Any CPU
		Release|Any CPU = Release|Any CPU
	EndGlobalSection
	GlobalSection(ProjectConfigurationPlatforms) = postSolution
		{33CA9A70-7FAA-4E4F-A665-27B8EDC08099}.Debug|Any CPU.ActiveCfg = Debug|Any CPU
		{33CA9A70-7FAA-4E4F-A665-27B8EDC08099}.Debug|Any CPU.Build.0 = Debug|Any CPU
		{33CA9A70-7FAA-4E4F-A665-27B8EDC08099}.Release|Any CPU.ActiveCfg = Release|Any CPU
		{33CA9A70-7FAA-4E4F-A665-27B8EDC08099}.Release|Any CPU.Build.0 = Release|Any CPU
	EndGlobalSection
	GlobalSection(SolutionProperties) = preSolution
		HideSolutionNode = FALSE
	EndGlobalSection
EndGlobal
